
Microsoft Visual Studio Solution File, Format Version 12.00
# Visual Studio Version 17
VisualStudioVersion = 17.8.34525.116
MinimumVisualStudioVersion = 10.0.40219.1
Project("{FAE04EC0-301F-11D3-BF4B-00C04F79EFBC}") = "RESERVAS CAT4", "RESERVAS CAT4\RESERVAS CAT4.csproj", "{BC420D2A-919A-4FA4-92E0-898A19576BE1}"
EndProject
Global
	GlobalSection(SolutionConfigurationPlatforms) = preSolution
		Debug|Any CPU = Debug|Any CPU
		Release|Any CPU = Release|Any CPU
	EndGlobalSection
	GlobalSection(ProjectConfigurationPlatforms) = postSolution
		{BC420D2A-919A-4FA4-92E0-898A19576BE1}.Debug|Any CPU.ActiveCfg = Debug|Any CPU
		{BC420D2A-919A-4FA4-92E0-898A19576BE1}.Debug|Any CPU.Build.0 = Debug|Any CPU
		{BC420D2A-919A-4FA4-92E0-898A19576BE1}.Release|Any CPU.ActiveCfg = Release|Any CPU
		{BC420D2A-919A-4FA4-92E0-898A19576BE1}.Release|Any CPU.Build.0 = Release|Any CPU
	EndGlobalSection
	GlobalSection(SolutionProperties) = preSolution
		HideSolutionNode = FALSE
	EndGlobalSection
	GlobalSection(ExtensibilityGlobals) = postSolution
		SolutionGuid = {5D8724D0-1C30-414F-972D-FF5DFEA38686}
	EndGlobalSection
EndGlobal
